Microsoft Visual Studio Solution File, Format Version 12.00
# Visual Studio Version 17
VisualStudioVersion = 17.5.2.0
MinimumVisualStudioVersion = 10.0.40219.1
Project("{FAE04EC0-301F-11D3-BF4B-00C04F79EFBC}") = "Hmssolution", "Hmssolution.csproj", "{3986D8F7-A40C-9062-203A-48122108E741}"
EndProject
Global
	GlobalSection(SolutionConfigurationPlatforms) = preSolution
		Debug|Any CPU = Debug|Any CPU
		Release|Any CPU = Release|Any CPU
	EndGlobalSection
	GlobalSection(ProjectConfigurationPlatforms) = postSolution
		{3986D8F7-A40C-9062-203A-48122108E741}.Debug|Any CPU.ActiveCfg = Debug|Any CPU
		{3986D8F7-A40C-9062-203A-48122108E741}.Debug|Any CPU.Build.0 = Debug|Any CPU
		{3986D8F7-A40C-9062-203A-48122108E741}.Release|Any CPU.ActiveCfg = Release|Any CPU
		{3986D8F7-A40C-9062-203A-48122108E741}.Release|Any CPU.Build.0 = Release|Any CPU
	EndGlobalSection
	GlobalSection(SolutionProperties) = preSolution
		HideSolutionNode = FALSE
	EndGlobalSection
	GlobalSection(ExtensibilityGlobals) = postSolution
		SolutionGuid = {3E660922-4E75-4AAF-9497-AB9B6E6B1170}
	EndGlobalSection
EndGlobal
